
Microsoft Visual Studio Solution File, Format Version 12.00
# Visual Studio 15
VisualStudioVersion = 15.0.28307.271
MinimumVisualStudioVersion = 10.0.40219.1
Project("{FAE04EC0-301F-11D3-BF4B-00C04F79EFBC}") = "TestEntityFramework", "TestEntityFramework\TestEntityFramework.csproj", "{A0D44405-EDBF-40C0-9E2E-2E738BFDD08F}"
EndProject
Global
	GlobalSection(SolutionConfigurationPlatforms) = preSolution
		Debug|Any CPU = Debug|Any CPU
		Release|Any CPU = Release|Any CPU
	EndGlobalSection
	GlobalSection(ProjectConfigurationPlatforms) = postSolution
		{A0D44405-EDBF-40C0-9E2E-2E738BFDD08F}.Debug|Any CPU.ActiveCfg = Debug|Any CPU
		{A0D44405-EDBF-40C0-9E2E-2E738BFDD08F}.Debug|Any CPU.Build.0 = Debug|Any CPU
		{A0D44405-EDBF-40C0-9E2E-2E738BFDD08F}.Release|Any CPU.ActiveCfg = Release|Any CPU
		{A0D44405-EDBF-40C0-9E2E-2E738BFDD08F}.Release|Any CPU.Build.0 = Release|Any CPU
	EndGlobalSection
	GlobalSection(SolutionProperties) = preSolution
		HideSolutionNode = FALSE
	EndGlobalSection
	GlobalSection(ExtensibilityGlobals) = postSolution
		SolutionGuid = {BC55D446-A037-4DF1-9F79-A96EB4F1F0ED}
	EndGlobalSection
EndGlobal
